
Microsoft Visual Studio Solution File, Format Version 12.00
Project("{FAE04EC0-301F-11D3-BF4B-00C04F79EFBC}") = "RomanNumbersParser", "RomanNumbersParser\RomanNumbersParser.csproj", "{F25FEAFC-FD71-480E-876E-6ED6829F450D}"
EndProject
Project("{FAE04EC0-301F-11D3-BF4B-00C04F79EFBC}") = "WebApplicationFromEmpty", "WebApplicationFromEmpty\WebApplicationFromEmpty.csproj", "{3B2F45EF-7A40-4EDF-9A4B-14EF5B93E9B2}"
EndProject
Project("{FAE04EC0-301F-11D3-BF4B-00C04F79EFBC}") = "basic_examples", "basic_examples\basic_examples.csproj", "{7DFFE953-AE7E-48E9-9913-EDDE0BF2C813}"
EndProject
Global
	GlobalSection(SolutionConfigurationPlatforms) = preSolution
		Debug|Any CPU = Debug|Any CPU
		Release|Any CPU = Release|Any CPU
	EndGlobalSection
	GlobalSection(ProjectConfigurationPlatforms) = postSolution
		{F25FEAFC-FD71-480E-876E-6ED6829F450D}.Debug|Any CPU.ActiveCfg = Debug|Any CPU
		{F25FEAFC-FD71-480E-876E-6ED6829F450D}.Debug|Any CPU.Build.0 = Debug|Any CPU
		{F25FEAFC-FD71-480E-876E-6ED6829F450D}.Release|Any CPU.ActiveCfg = Release|Any CPU
		{F25FEAFC-FD71-480E-876E-6ED6829F450D}.Release|Any CPU.Build.0 = Release|Any CPU
		{3B2F45EF-7A40-4EDF-9A4B-14EF5B93E9B2}.Debug|Any CPU.ActiveCfg = Debug|Any CPU
		{3B2F45EF-7A40-4EDF-9A4B-14EF5B93E9B2}.Debug|Any CPU.Build.0 = Debug|Any CPU
		{3B2F45EF-7A40-4EDF-9A4B-14EF5B93E9B2}.Release|Any CPU.ActiveCfg = Release|Any CPU
		{3B2F45EF-7A40-4EDF-9A4B-14EF5B93E9B2}.Release|Any CPU.Build.0 = Release|Any CPU
		{7DFFE953-AE7E-48E9-9913-EDDE0BF2C813}.Debug|Any CPU.ActiveCfg = Debug|Any CPU
		{7DFFE953-AE7E-48E9-9913-EDDE0BF2C813}.Debug|Any CPU.Build.0 = Debug|Any CPU
		{7DFFE953-AE7E-48E9-9913-EDDE0BF2C813}.Release|Any CPU.ActiveCfg = Release|Any CPU
		{7DFFE953-AE7E-48E9-9913-EDDE0BF2C813}.Release|Any CPU.Build.0 = Release|Any CPU
	EndGlobalSection
EndGlobal
