
Microsoft Visual Studio Solution File, Format Version 12.00
Project("{FAE04EC0-301F-11D3-BF4B-00C04F79EFBC}") = "Test_foreach_async", "Test_foreach_async\Test_foreach_async.csproj", "{44510F64-6592-4A2E-8349-0460721ABC52}"
EndProject
Global
	GlobalSection(SolutionConfigurationPlatforms) = preSolution
		Debug|Any CPU = Debug|Any CPU
		Release|Any CPU = Release|Any CPU
	EndGlobalSection
	GlobalSection(ProjectConfigurationPlatforms) = postSolution
		{44510F64-6592-4A2E-8349-0460721ABC52}.Debug|Any CPU.ActiveCfg = Debug|Any CPU
		{44510F64-6592-4A2E-8349-0460721ABC52}.Debug|Any CPU.Build.0 = Debug|Any CPU
		{44510F64-6592-4A2E-8349-0460721ABC52}.Release|Any CPU.ActiveCfg = Release|Any CPU
		{44510F64-6592-4A2E-8349-0460721ABC52}.Release|Any CPU.Build.0 = Release|Any CPU
	EndGlobalSection
EndGlobal
